
Microsoft Visual Studio Solution File, Format Version 12.00
# Visual Studio Version 17
VisualStudioVersion = 17.8.34330.188
MinimumVisualStudioVersion = 10.0.40219.1
Project("{FAE04EC0-301F-11D3-BF4B-00C04F79EFBC}") = "PokemonReviewAPI", "PokemonReviewAPI.csproj", "{DA6085A1-6678-4D35-8254-563FDB5CEA42}"
EndProject
Global
	GlobalSection(SolutionConfigurationPlatforms) = preSolution
		Debug|Any CPU = Debug|Any CPU
		Release|Any CPU = Release|Any CPU
	EndGlobalSection
	GlobalSection(ProjectConfigurationPlatforms) = postSolution
		{DA6085A1-6678-4D35-8254-563FDB5CEA42}.Debug|Any CPU.ActiveCfg = Debug|Any CPU
		{DA6085A1-6678-4D35-8254-563FDB5CEA42}.Debug|Any CPU.Build.0 = Debug|Any CPU
		{DA6085A1-6678-4D35-8254-563FDB5CEA42}.Release|Any CPU.ActiveCfg = Release|Any CPU
		{DA6085A1-6678-4D35-8254-563FDB5CEA42}.Release|Any CPU.Build.0 = Release|Any CPU
	EndGlobalSection
	GlobalSection(SolutionProperties) = preSolution
		HideSolutionNode = FALSE
	EndGlobalSection
	GlobalSection(ExtensibilityGlobals) = postSolution
		SolutionGuid = {47F38D16-3A27-4B7F-9E9A-9469D3FE9B6E}
	EndGlobalSection
EndGlobal
